
Microsoft Visual Studio Solution File, Format Version 12.00
# Visual Studio Version 17
VisualStudioVersion = 17.14.36511.14 d17.14
MinimumVisualStudioVersion = 10.0.40219.1
Project("{FAE04EC0-301F-11D3-BF4B-00C04F79EFBC}") = "Constructor Assignment", "Constructor Assignment\Constructor Assignment.csproj", "{69A191E5-B29A-4FB1-801D-0FF2EE5DBE45}"
EndProject
Global
	GlobalSection(SolutionConfigurationPlatforms) = preSolution
		Debug|Any CPU = Debug|Any CPU
		Release|Any CPU = Release|Any CPU
	EndGlobalSection
	GlobalSection(ProjectConfigurationPlatforms) = postSolution
		{69A191E5-B29A-4FB1-801D-0FF2EE5DBE45}.Debug|Any CPU.ActiveCfg = Debug|Any CPU
		{69A191E5-B29A-4FB1-801D-0FF2EE5DBE45}.Debug|Any CPU.Build.0 = Debug|Any CPU
		{69A191E5-B29A-4FB1-801D-0FF2EE5DBE45}.Release|Any CPU.ActiveCfg = Release|Any CPU
		{69A191E5-B29A-4FB1-801D-0FF2EE5DBE45}.Release|Any CPU.Build.0 = Release|Any CPU
	EndGlobalSection
	GlobalSection(SolutionProperties) = preSolution
		HideSolutionNode = FALSE
	EndGlobalSection
	GlobalSection(ExtensibilityGlobals) = postSolution
		SolutionGuid = {1925B306-2453-4F9E-9EA9-36F3A726F305}
	EndGlobalSection
EndGlobal
